// !$*UTF8*$!
{
	archiveVersion = 1;
	classes = {
	};
	objectVersion = 56;
	objects = {

/* Begin PBXBuildFile section */
		929052DB2C9C5E3C00F16343 /* AppDelegate.swift in Sources */ = {isa = PBXBuildFile; fileRef = 929052DA2C9C5E3C00F16343 /* AppDelegate.swift */; };
		929052DD2C9C5E3C00F16343 /* SceneDelegate.swift in Sources */ = {isa = PBXBuildFile; fileRef = 929052DC2C9C5E3C00F16343 /* SceneDelegate.swift */; };
		929052DF2C9C5E3C00F16343 /* ViewController.swift in Sources */ = {isa = PBXBuildFile; fileRef = 929052DE2C9C5E3C00F16343 /* ViewController.swift */; };
		929052E22C9C5E3C00F16343 /* Main.storyboard in Resources */ = {isa = PBXBuildFile; fileRef = 929052E02C9C5E3C00F16343 /* Main.storyboard */; };
		929052E42C9C5E3D00F16343 /* Assets.xcassets in Resources */ = {isa = PBXBuildFile; fileRef = 929052E32C9C5E3D00F16343 /* Assets.xcassets */; };
		929052E72C9C5E3D00F16343 /* LaunchScreen.storyboard in Resources */ = {isa = PBXBuildFile; fileRef = 929052E52C9C5E3D00F16343 /* LaunchScreen.storyboard */; };
		929053062C9C667300F16343 /* FlagFactory.swift in Sources */ = {isa = PBXBuildFile; fileRef = 929053052C9C667300F16343 /* FlagFactory.swift */; };
		929053092C9C6B8100F16343 /* DetailViewController.swift in Sources */ = {isa = PBXBuildFile; fileRef = 929053082C9C6B8100F16343 /* DetailViewController.swift */; };
/* End PBXBuildFile section */

/* Begin PBXFileReference section */
		929052D72C9C5E3C00F16343 /* MilestoneOne.app */ = {isa = PBXFileReference; explicitFileType = wrapper.application; includeInIndex = 0; path = MilestoneOne.app; sourceTree = BUILT_PRODUCTS_DIR; };
		929052DA2C9C5E3C00F16343 /* AppDelegate.swift */ = {isa = PBXFileReference; lastKnownFileType = sourcecode.swift; path = AppDelegate.swift; sourceTree = "<group>"; };
		929052DC2C9C5E3C00F16343 /* SceneDelegate.swift */ = {isa = PBXFileReference; lastKnownFileType = sourcecode.swift; path = SceneDelegate.swift; sourceTree = "<group>"; };
		929052DE2C9C5E3C00F16343 /* ViewController.swift */ = {isa = PBXFileReference; lastKnownFileType = sourcecode.swift; path = ViewController.swift; sourceTree = "<group>"; };
		929052E12C9C5E3C00F16343 /* Base */ = {isa = PBXFileReference; lastKnownFileType = file.storyboard; name = Base; path = Base.lproj/Main.storyboard; sourceTree = "<group>"; };
		929052E32C9C5E3D00F16343 /* Assets.xcassets */ = {isa = PBXFileReference; lastKnownFileType = folder.assetcatalog; path = Assets.xcassets; sourceTree = "<group>"; };
		929052E62C9C5E3D00F16343 /* Base */ = {isa = PBXFileReference; lastKnownFileType = file.storyboard; name = Base; path = Base.lproj/LaunchScreen.storyboard; sourceTree = "<group>"; };
		929052E82C9C5E3D00F16343 /* Info.plist */ = {isa = PBXFileReference; lastKnownFileType = text.plist.xml; path = Info.plist; sourceTree = "<group>"; };
		929053052C9C667300F16343 /* FlagFactory.swift */ = {isa = PBXFileReference; lastKnownFileType = sourcecode.swift; path = FlagFactory.swift; sourceTree = "<group>"; };
		929053082C9C6B8100F16343 /* DetailViewController.swift */ = {isa = PBXFileReference; lastKnownFileType = sourcecode.swift; path = DetailViewController.swift; sourceTree = "<group>"; };
/* End PBXFileReference section */

/* Begin PBXFrameworksBuildPhase section */
		929052D42C9C5E3C00F16343 /* Frameworks */ = {
			isa = PBXFrameworksBuildPhase;
			buildActionMask = 2147483647;
			files = (
			);
			runOnlyForDeploymentPostprocessing = 0;
		};
/* End PBXFrameworksBuildPhase section */

/* Begin PBXGroup section */
		929052CE2C9C5E3C00F16343 = {
			isa = PBXGroup;
			children = (
				929053082C9C6B8100F16343 /* DetailViewController.swift */,
				929052D92C9C5E3C00F16343 /* MilestoneOne */,
				929052D82C9C5E3C00F16343 /* Products */,
			);
			sourceTree = "<group>";
		};
		929052D82C9C5E3C00F16343 /* Products */ = {
			isa = PBXGroup;
			children = (
				929052D72C9C5E3C00F16343 /* MilestoneOne.app */,
			);
			name = Products;
			sourceTree = "<group>";
		};
		929052D92C9C5E3C00F16343 /* MilestoneOne */ = {
			isa = PBXGroup;
			children = (
				929053072C9C667700F16343 /* Model */,
				929052DA2C9C5E3C00F16343 /* AppDelegate.swift */,
				929052DC2C9C5E3C00F16343 /* SceneDelegate.swift */,
				929052DE2C9C5E3C00F16343 /* ViewController.swift */,
				929052E02C9C5E3C00F16343 /* Main.storyboard */,
				929052E32C9C5E3D00F16343 /* Assets.xcassets */,
				929052E52C9C5E3D00F16343 /* LaunchScreen.storyboard */,
				929052E82C9C5E3D00F16343 /* Info.plist */,
			);
			path = MilestoneOne;
			sourceTree = "<group>";
		};
		929053072C9C667700F16343 /* Model */ = {
			isa = PBXGroup;
			children = (
				929053052C9C667300F16343 /* FlagFactory.swift */,
			);
			path = Model;
			sourceTree = "<group>";
		};
/* End PBXGroup section */

/* Begin PBXNativeTarget section */
		929052D62C9C5E3C00F16343 /* MilestoneOne */ = {
			isa = PBXNativeTarget;
			buildConfigurationList = 929052EB2C9C5E3D00F16343 /* Build configuration list for PBXNativeTarget "MilestoneOne" */;
			buildPhases = (
				929052D32C9C5E3C00F16343 /* Sources */,
				929052D42C9C5E3C00F16343 /* Frameworks */,
				929052D52C9C5E3C00F16343 /* Resources */,
			);
			buildRules = (
			);
			dependencies = (
			);
			name = MilestoneOne;
			productName = MilestoneOne;
			productReference = 929052D72C9C5E3C00F16343 /* MilestoneOne.app */;
			productType = "com.apple.product-type.application";
		};
/* End PBXNativeTarget section */

/* Begin PBXProject section */
		929052CF2C9C5E3C00F16343 /* Project object */ = {
			isa = PBXProject;
			attributes = {
				BuildIndependentTargetsInParallel = 1;
				LastSwiftUpdateCheck = 1520;
				LastUpgradeCheck = 1520;
				TargetAttributes = {
					929052D62C9C5E3C00F16343 = {
						CreatedOnToolsVersion = 15.2;
					};
				};
			};
			buildConfigurationList = 929052D22C9C5E3C00F16343 /* Build configuration list for PBXProject "MilestoneOne" */;
			compatibilityVersion = "Xcode 14.0";
			developmentRegion = en;
			hasScannedForEncodings = 0;
			knownRegions = (
				en,
				Base,
			);
			mainGroup = 929052CE2C9C5E3C00F16343;
			productRefGroup = 929052D82C9C5E3C00F16343 /* Products */;
			projectDirPath = "";
			projectRoot = "";
			targets = (
				929052D62C9C5E3C00F16343 /* MilestoneOne */,
			);
		};
/* End PBXProject section */

/* Begin PBXResourcesBuildPhase section */
		929052D52C9C5E3C00F16343 /* Resources */ = {
			isa = PBXResourcesBuildPhase;
			buildActionMask = 2147483647;
			files = (
				929052E72C9C5E3D00F16343 /* LaunchScreen.storyboard in Resources */,
				929052E42C9C5E3D00F16343 /* Assets.xcassets in Resources */,
				929052E22C9C5E3C00F16343 /* Main.storyboard in Resources */,
			);
			runOnlyForDeploymentPostprocessing = 0;
		};
/* End PBXResourcesBuildPhase section */

/* Begin PBXSourcesBuildPhase section */
		929052D32C9C5E3C00F16343 /* Sources */ = {
			isa = PBXSourcesBuildPhase;
			buildActionMask = 2147483647;
			files = (
				929052DF2C9C5E3C00F16343 /* ViewController.swift in Sources */,
				929052DB2C9C5E3C00F16343 /* AppDelegate.swift in Sources */,
				929053092C9C6B8100F16343 /* DetailViewController.swift in Sources */,
				929053062C9C667300F16343 /* FlagFactory.swift in Sources */,
				929052DD2C9C5E3C00F16343 /* SceneDelegate.swift in Sources */,
			);
			runOnlyForDeploymentPostprocessing = 0;
		};
/* End PBXSourcesBuildPhase section */

/* Begin PBXVariantGroup section */
		929052E02C9C5E3C00F16343 /* Main.storyboard */ = {
			isa = PBXVariantGroup;
			children = (
				929052E12C9C5E3C00F16343 /* Base */,
			);
			name = Main.storyboard;
			sourceTree = "<group>";
		};
		929052E52C9C5E3D00F16343 /* LaunchScreen.storyboard */ = {
			isa = PBXVariantGroup;
			children = (
				929052E62C9C5E3D00F16343 /* Base */,
			);
			name = LaunchScreen.storyboard;
			sourceTree = "<group>";
		};
/* End PBXVariantGroup section */

/* Begin XCBuildConfiguration section */
		929052E92C9C5E3D00F16343 /* Debug */ = {
			isa = XCBuildConfiguration;
			buildSettings = {
				ALWAYS_SEARCH_USER_PATHS = NO;
				ASSETCATALOG_COMPILER_GENERATE_SWIFT_ASSET_SYMBOL_EXTENSIONS = YES;
				CLANG_ANALYZER_NONNULL = YES;
				CLANG_ANALYZER_NUMBER_OBJECT_CONVERSION = YES_AGGRESSIVE;
				CLANG_CXX_LANGUAGE_STANDARD = "gnu++20";
				CLANG_ENABLE_MODULES = YES;
				CLANG_ENABLE_OBJC_ARC = YES;
				CLANG_ENABLE_OBJC_WEAK = YES;
				CLANG_WARN_BLOCK_CAPTURE_AUTORELEASING = YES;
				CLANG_WARN_BOOL_CONVERSION = YES;
				CLANG_WARN_COMMA = YES;
				CLANG_WARN_CONSTANT_CONVERSION = YES;
				CLANG_WARN_DEPRECATED_OBJC_IMPLEMENTATIONS = YES;
				CLANG_WARN_DIRECT_OBJC_ISA_USAGE = YES_ERROR;
				CLANG_WARN_DOCUMENTATION_COMMENTS = YES;
				CLANG_WARN_EMPTY_BODY = YES;
				CLANG_WARN_ENUM_CONVERSION = YES;
				CLANG_WARN_INFINITE_RECURSION = YES;
				CLANG_WARN_INT_CONVERSION = YES;
				CLANG_WARN_NON_LITERAL_NULL_CONVERSION = YES;
				CLANG_WARN_OBJC_IMPLICIT_RETAIN_SELF = YES;
				CLANG_WARN_OBJC_LITERAL_CONVERSION = YES;
				CLANG_WARN_OBJC_ROOT_CLASS = YES_ERROR;
				CLANG_WARN_QUOTED_INCLUDE_IN_FRAMEWORK_HEADER = YES;
				CLANG_WARN_RANGE_LOOP_ANALYSIS = YES;
				CLANG_WARN_STRICT_PROTOTYPES = YES;
				CLANG_WARN_SUSPICIOUS_MOVE = YES;
				CLANG_WARN_UNGUARDED_AVAILABILITY = YES_AGGRESSIVE;
				CLANG_WARN_UNREACHABLE_CODE = YES;
				CLANG_WARN__DUPLICATE_METHOD_MATCH = YES;
				COPY_PHASE_STRIP = NO;
				DEBUG_INFORMATION_FORMAT = dwarf;
				ENABLE_STRICT_OBJC_MSGSEND = YES;
				ENABLE_TESTABILITY = YES;
				ENABLE_USER_SCRIPT_SANDBOXING = YES;
				GCC_C_LANGUAGE_STANDARD = gnu17;
				GCC_DYNAMIC_NO_PIC = NO;
				GCC_NO_COMMON_BLOCKS = YES;
				GCC_OPTIMIZATION_LEVEL = 0;
				GCC_PREPROCESSOR_DEFINITIONS = (
					"DEBUG=1",
					"$(inherited)",
				);
				GCC_WARN_64_TO_32_BIT_CONVERSION = YES;
				GCC_WARN_ABOUT_RETURN_TYPE = YES_ERROR;
				GCC_WARN_UNDECLARED_SELECTOR = YES;
				GCC_WARN_UNINITIALIZED_AUTOS = YES_AGGRESSIVE;
				GCC_WARN_UNUSED_FUNCTION = YES;
				GCC_WARN_UNUSED_VARIABLE = YES;
				IPHONEOS_DEPLOYMENT_TARGET = 17.2;
				LOCALIZATION_PREFERS_STRING_CATALOGS = YES;
				MTL_ENABLE_DEBUG_INFO = INCLUDE_SOURCE;
				MTL_FAST_MATH = YES;
				ONLY_ACTIVE_ARCH = YES;
				SDKROOT = iphoneos;
				SWIFT_ACTIVE_COMPILATION_CONDITIONS = "DEBUG $(inherited)";
				SWIFT_OPTIMIZATION_LEVEL = "-Onone";
			};
			name = Debug;
		};
		929052EA2C9C5E3D00F16343 /* Release */ = {
			isa = XCBuildConfiguration;
			buildSettings = {
				ALWAYS_SEARCH_USER_PATHS = NO;
				ASSETCATALOG_COMPILER_GENERATE_SWIFT_ASSET_SYMBOL_EXTENSIONS = YES;
				CLANG_ANALYZER_NONNULL = YES;
				CLANG_ANALYZER_NUMBER_OBJECT_CONVERSION = YES_AGGRESSIVE;
				CLANG_CXX_LANGUAGE_STANDARD = "gnu++20";
				CLANG_ENABLE_MODULES = YES;
				CLANG_ENABLE_OBJC_ARC = YES;
				CLANG_ENABLE_OBJC_WEAK = YES;
				CLANG_WARN_BLOCK_CAPTURE_AUTORELEASING = YES;
				CLANG_WARN_BOOL_CONVERSION = YES;
				CLANG_WARN_COMMA = YES;
				CLANG_WARN_CONSTANT_CONVERSION = YES;
				CLANG_WARN_DEPRECATED_OBJC_IMPLEMENTATIONS = YES;
				CLANG_WARN_DIRECT_OBJC_ISA_USAGE = YES_ERROR;
				CLANG_WARN_DOCUMENTATION_COMMENTS = YES;
				CLANG_WARN_EMPTY_BODY = YES;
				CLANG_WARN_ENUM_CONVERSION = YES;
				CLANG_WARN_INFINITE_RECURSION = YES;
				CLANG_WARN_INT_CONVERSION = YES;
				CLANG_WARN_NON_LITERAL_NULL_CONVERSION = YES;
				CLANG_WARN_OBJC_IMPLICIT_RETAIN_SELF = YES;
				CLANG_WARN_OBJC_LITERAL_CONVERSION = YES;
				CLANG_WARN_OBJC_ROOT_CLASS = YES_ERROR;
				CLANG_WARN_QUOTED_INCLUDE_IN_FRAMEWORK_HEADER = YES;
				CLANG_WARN_RANGE_LOOP_ANALYSIS = YES;
				CLANG_WARN_STRICT_PROTOTYPES = YES;
				CLANG_WARN_SUSPICIOUS_MOVE = YES;
				CLANG_WARN_UNGUARDED_AVAILABILITY = YES_AGGRESSIVE;
				CLANG_WARN_UNREACHABLE_CODE = YES;
				CLANG_WARN__DUPLICATE_METHOD_MATCH = YES;
				COPY_PHASE_STRIP = NO;
				DEBUG_INFORMATION_FORMAT = "dwarf-with-dsym";
				ENABLE_NS_ASSERTIONS = NO;
				ENABLE_STRICT_OBJC_MSGSEND = YES;
				ENABLE_USER_SCRIPT_SANDBOXING = YES;
				GCC_C_LANGUAGE_STANDARD = gnu17;
				GCC_NO_COMMON_BLOCKS = YES;
				GCC_WARN_64_TO_32_BIT_CONVERSION = YES;
				GCC_WARN_ABOUT_RETURN_TYPE = YES_ERROR;
				GCC_WARN_UNDECLARED_SELECTOR = YES;
				GCC_WARN_UNINITIALIZED_AUTOS = YES_AGGRESSIVE;
				GCC_WARN_UNUSED_FUNCTION = YES;
				GCC_WARN_UNUSED_VARIABLE = YES;
				IPHONEOS_DEPLOYMENT_TARGET = 17.2;
				LOCALIZATION_PREFERS_STRING_CATALOGS = YES;
				MTL_ENABLE_DEBUG_INFO = NO;
				MTL_FAST_MATH = YES;
				SDKROOT = iphoneos;
				SWIFT_COMPILATION_MODE = wholemodule;
				VALIDATE_PRODUCT = YES;
			};
			name = Release;
		};
		929052EC2C9C5E3D00F16343 /* Debug */ = {
			isa = XCBuildConfiguration;
			buildSettings = {
				ASSETCATALOG_COMPILER_APPICON_NAME = AppIcon;
				ASSETCATALOG_COMPILER_GLOBAL_ACCENT_COLOR_NAME = AccentColor;
				CODE_SIGN_STYLE = Automatic;
				CURRENT_PROJECT_VERSION = 1;
				DEVELOPMENT_TEAM = 4U4DXG4ZVC;
				GENERATE_INFOPLIST_FILE = YES;
				INFOPLIST_FILE = MilestoneOne/Info.plist;
				INFOPLIST_KEY_UIApplicationSupportsIndirectInputEvents = YES;
				INFOPLIST_KEY_UILaunchStoryboardName = LaunchScreen;
				INFOPLIST_KEY_UIMainStoryboardFile = Main;
				INFOPLIST_KEY_UISupportedInterfaceOrientations_iPad = "UIInterfaceOrientationPortrait UIInterfaceOrientationPortraitUpsideDown UIInterfaceOrientationLandscapeLeft UIInterfaceOrientationLandscapeRight";
				INFOPLIST_KEY_UISupportedInterfaceOrientations_iPhone = "UIInterfaceOrientationPortrait UIInterfaceOrientationLandscapeLeft UIInterfaceOrientationLandscapeRight";
				LD_RUNPATH_SEARCH_PATHS = (
					"$(inherited)",
					"@executable_path/Frameworks",
				);
				MARKETING_VERSION = 1.0;
				PRODUCT_BUNDLE_IDENTIFIER = com.milestone.example.MilestoneOne;
				PRODUCT_NAME = "$(TARGET_NAME)";
				SWIFT_EMIT_LOC_STRINGS = YES;
				SWIFT_VERSION = 5.0;
				TARGETED_DEVICE_FAMILY = "1,2";
			};
			name = Debug;
		};
		929052ED2C9C5E3D00F16343 /* Release */ = {
			isa = XCBuildConfiguration;
			buildSettings = {
				ASSETCATALOG_COMPILER_APPICON_NAME = AppIcon;
				ASSETCATALOG_COMPILER_GLOBAL_ACCENT_COLOR_NAME = AccentColor;
				CODE_SIGN_STYLE = Automatic;
				CURRENT_PROJECT_VERSION = 1;
				DEVELOPMENT_TEAM = 4U4DXG4ZVC;
				GENERATE_INFOPLIST_FILE = YES;
				INFOPLIST_FILE = MilestoneOne/Info.plist;
				INFOPLIST_KEY_UIApplicationSupportsIndirectInputEvents = YES;
				INFOPLIST_KEY_UILaunchStoryboardName = LaunchScreen;
				INFOPLIST_KEY_UIMainStoryboardFile = Main;
				INFOPLIST_KEY_UISupportedInterfaceOrientations_iPad = "UIInterfaceOrientationPortrait UIInterfaceOrientationPortraitUpsideDown UIInterfaceOrientationLandscapeLeft UIInterfaceOrientationLandscapeRight";
				INFOPLIST_KEY_UISupportedInterfaceOrientations_iPhone = "UIInterfaceOrientationPortrait UIInterfaceOrientationLandscapeLeft UIInterfaceOrientationLandscapeRight";
				LD_RUNPATH_SEARCH_PATHS = (
					"$(inherited)",
					"@executable_path/Frameworks",
				);
				MARKETING_VERSION = 1.0;
				PRODUCT_BUNDLE_IDENTIFIER = com.milestone.example.MilestoneOne;
				PRODUCT_NAME = "$(TARGET_NAME)";
				SWIFT_EMIT_LOC_STRINGS = YES;
				SWIFT_VERSION = 5.0;
				TARGETED_DEVICE_FAMILY = "1,2";
			};
			name = Release;
		};
/* End XCBuildConfiguration section */

/* Begin XCConfigurationList section */
		929052D22C9C5E3C00F16343 /* Build configuration list for PBXProject "MilestoneOne" */ = {
			isa = XCConfigurationList;
			buildConfigurations = (
				929052E92C9C5E3D00F16343 /* Debug */,
				929052EA2C9C5E3D00F16343 /* Release */,
			);
			defaultConfigurationIsVisible = 0;
			defaultConfigurationName = Release;
		};
		929052EB2C9C5E3D00F16343 /* Build configuration list for PBXNativeTarget "MilestoneOne" */ = {
			isa = XCConfigurationList;
			buildConfigurations = (
				929052EC2C9C5E3D00F16343 /* Debug */,
				929052ED2C9C5E3D00F16343 /* Release */,
			);
			defaultConfigurationIsVisible = 0;
			defaultConfigurationName = Release;
		};
/* End XCConfigurationList section */
	};
	rootObject = 929052CF2C9C5E3C00F16343 /* Project object */;
}
